
Microsoft Visual Studio Solution File, Format Version 12.00
# Visual Studio 15
VisualStudioVersion = 15.0.26430.16
MinimumVisualStudioVersion = 10.0.40219.1
Project("{8BC9CEB8-8B4A-11D0-8D11-00A0C91BC942}") = "Sort1", "Sort1\Sort1.vcxproj", "{CEDBF9EC-8B95-47A9-9C8A-D698402F81F4}"
EndProject
Project("{8BC9CEB8-8B4A-11D0-8D11-00A0C91BC942}") = "Sort2", "Sort2\Sort2.vcxproj", "{08716184-8AF8-4A19-A90C-B2272A5795FC}"
EndProject
Project("{8BC9CEB8-8B4A-11D0-8D11-00A0C91BC942}") = "Sort3", "Sort3\Sort3.vcxproj", "{D6E6D234-BE69-470A-90E6-62BBA3D74C99}"
EndProject
Project("{8BC9CEB8-8B4A-11D0-8D11-00A0C91BC942}") = "Sort4", "Sort4\Sort4.vcxproj", "{9BC41F35-A595-4E40-AB61-E16588DF5CD3}"
EndProject
Project("{8BC9CEB8-8B4A-11D0-8D11-00A0C91BC942}") = "Sort5", "Sort5\Sort5.vcxproj", "{E309F1BC-D3E9-49A0-A136-A87DCC329249}"
EndProject
Global
	GlobalSection(SolutionConfigurationPlatforms) = preSolution
		Debug|x64 = Debug|x64
		Debug|x86 = Debug|x86
		Release|x64 = Release|x64
		Release|x86 = Release|x86
	EndGlobalSection
	GlobalSection(ProjectConfigurationPlatforms) = postSolution
		{CEDBF9EC-8B95-47A9-9C8A-D698402F81F4}.Debug|x64.ActiveCfg = Debug|x64
		{CEDBF9EC-8B95-47A9-9C8A-D698402F81F4}.Debug|x64.Build.0 = Debug|x64
		{CEDBF9EC-8B95-47A9-9C8A-D698402F81F4}.Debug|x86.ActiveCfg = Debug|Win32
		{CEDBF9EC-8B95-47A9-9C8A-D698402F81F4}.Debug|x86.Build.0 = Debug|Win32
		{CEDBF9EC-8B95-47A9-9C8A-D698402F81F4}.Release|x64.ActiveCfg = Release|x64
		{CEDBF9EC-8B95-47A9-9C8A-D698402F81F4}.Release|x64.Build.0 = Release|x64
		{CEDBF9EC-8B95-47A9-9C8A-D698402F81F4}.Release|x86.ActiveCfg = Release|Win32
		{CEDBF9EC-8B95-47A9-9C8A-D698402F81F4}.Release|x86.Build.0 = Release|Win32
		{08716184-8AF8-4A19-A90C-B2272A5795FC}.Debug|x64.ActiveCfg = Debug|x64
		{08716184-8AF8-4A19-A90C-B2272A5795FC}.Debug|x64.Build.0 = Debug|x64
		{08716184-8AF8-4A19-A90C-B2272A5795FC}.Debug|x86.ActiveCfg = Debug|Win32
		{08716184-8AF8-4A19-A90C-B2272A5795FC}.Debug|x86.Build.0 = Debug|Win32
		{08716184-8AF8-4A19-A90C-B2272A5795FC}.Release|x64.ActiveCfg = Release|x64
		{08716184-8AF8-4A19-A90C-B2272A5795FC}.Release|x64.Build.0 = Release|x64
		{08716184-8AF8-4A19-A90C-B2272A5795FC}.Release|x86.ActiveCfg = Release|Win32
		{08716184-8AF8-4A19-A90C-B2272A5795FC}.Release|x86.Build.0 = Release|Win32
		{D6E6D234-BE69-470A-90E6-62BBA3D74C99}.Debug|x64.ActiveCfg = Debug|x64
		{D6E6D234-BE69-470A-90E6-62BBA3D74C99}.Debug|x64.Build.0 = Debug|x64
		{D6E6D234-BE69-470A-90E6-62BBA3D74C99}.Debug|x86.ActiveCfg = Debug|Win32
		{D6E6D234-BE69-470A-90E6-62BBA3D74C99}.Debug|x86.Build.0 = Debug|Win32
		{D6E6D234-BE69-470A-90E6-62BBA3D74C99}.Release|x64.ActiveCfg = Release|x64
		{D6E6D234-BE69-470A-90E6-62BBA3D74C99}.Release|x64.Build.0 = Release|x64
		{D6E6D234-BE69-470A-90E6-62BBA3D74C99}.Release|x86.ActiveCfg = Release|Win32
		{D6E6D234-BE69-470A-90E6-62BBA3D74C99}.Release|x86.Build.0 = Release|Win32
		{9BC41F35-A595-4E40-AB61-E16588DF5CD3}.Debug|x64.ActiveCfg = Debug|x64
		{9BC41F35-A595-4E40-AB61-E16588DF5CD3}.Debug|x64.Build.0 = Debug|x64
		{9BC41F35-A595-4E40-AB61-E16588DF5CD3}.Debug|x86.ActiveCfg = Debug|Win32
		{9BC41F35-A595-4E40-AB61-E16588DF5CD3}.Debug|x86.Build.0 = Debug|Win32
		{9BC41F35-A595-4E40-AB61-E16588DF5CD3}.Release|x64.ActiveCfg = Release|x64
		{9BC41F35-A595-4E40-AB61-E16588DF5CD3}.Release|x64.Build.0 = Release|x64
		{9BC41F35-A595-4E40-AB61-E16588DF5CD3}.Release|x86.ActiveCfg = Release|Win32
		{9BC41F35-A595-4E40-AB61-E16588DF5CD3}.Release|x86.Build.0 = Release|Win32
		{E309F1BC-D3E9-49A0-A136-A87DCC329249}.Debug|x64.ActiveCfg = Debug|x64
		{E309F1BC-D3E9-49A0-A136-A87DCC329249}.Debug|x64.Build.0 = Debug|x64
		{E309F1BC-D3E9-49A0-A136-A87DCC329249}.Debug|x86.ActiveCfg = Debug|Win32
		{E309F1BC-D3E9-49A0-A136-A87DCC329249}.Debug|x86.Build.0 = Debug|Win32
		{E309F1BC-D3E9-49A0-A136-A87DCC329249}.Release|x64.ActiveCfg = Release|x64
		{E309F1BC-D3E9-49A0-A136-A87DCC329249}.Release|x64.Build.0 = Release|x64
		{E309F1BC-D3E9-49A0-A136-A87DCC329249}.Release|x86.ActiveCfg = Release|Win32
		{E309F1BC-D3E9-49A0-A136-A87DCC329249}.Release|x86.Build.0 = Release|Win32
	EndGlobalSection
	GlobalSection(SolutionProperties) = preSolution
		HideSolutionNode = FALSE
	EndGlobalSection
EndGlobal
